// !$*UTF8*$!
{
	archiveVersion = 1;
	classes = {
	};
	objectVersion = 46;
	objects = {

/* Begin PBXBuildFile section */
		EB2314EC1726BF98004850AE /* UIKit.framework in Frameworks */ = {isa = PBXBuildFile; fileRef = EB2314EB1726BF98004850AE /* UIKit.framework */; };
		EB2314EE1726BF98004850AE /* Foundation.framework in Frameworks */ = {isa = PBXBuildFile; fileRef = EB2314ED1726BF98004850AE /* Foundation.framework */; };
		EB2314F01726BF98004850AE /* CoreGraphics.framework in Frameworks */ = {isa = PBXBuildFile; fileRef = EB2314EF1726BF98004850AE /* CoreGraphics.framework */; };
		EB2314F61726BF98004850AE /* InfoPlist.strings in Resources */ = {isa = PBXBuildFile; fileRef = EB2314F41726BF98004850AE /* InfoPlist.strings */; };
		EB2314F81726BF98004850AE /* main.m in Sources */ = {isa = PBXBuildFile; fileRef = EB2314F71726BF98004850AE /* main.m */; };
		EB2314FC1726BF98004850AE /* AppDelegate.mm in Sources */ = {isa = PBXBuildFile; fileRef = EB2314FB1726BF98004850AE /* AppDelegate.mm */; };
		EB2314FE1726BF98004850AE /* Default.png in Resources */ = {isa = PBXBuildFile; fileRef = EB2314FD1726BF98004850AE /* Default.png */; };
		EB2315001726BF98004850AE /* Default@2x.png in Resources */ = {isa = PBXBuildFile; fileRef = EB2314FF1726BF98004850AE /* Default@2x.png */; };
		EB2315021726BF98004850AE /* Default-568h@2x.png in Resources */ = {isa = PBXBuildFile; fileRef = EB2315011726BF98004850AE /* Default-568h@2x.png */; };
		EB2315051726BF98004850AE /* ViewController.mm in Sources */ = {isa = PBXBuildFile; fileRef = EB2315041726BF98004850AE /* ViewController.mm */; };
		EB659B971726C6A2002F34D2 /* AVFoundation.framework in Frameworks */ = {isa = PBXBuildFile; fileRef = EB659B951726C69B002F34D2 /* AVFoundation.framework */; };
		EB659B9A1726C73D002F34D2 /* QuartzCore.framework in Frameworks */ = {isa = PBXBuildFile; fileRef = EB659B981726C736002F34D2 /* QuartzCore.framework */; };
		EB659BA01726C7A4002F34D2 /* CoreVideo.framework in Frameworks */ = {isa = PBXBuildFile; fileRef = EB659B9E1726C79F002F34D2 /* CoreVideo.framework */; };
		EB659BA31726C7D7002F34D2 /* CoreMedia.framework in Frameworks */ = {isa = PBXBuildFile; fileRef = EB659BA11726C7CC002F34D2 /* CoreMedia.framework */; };
		EB659BA61726C803002F34D2 /* AssetsLibrary.framework in Frameworks */ = {isa = PBXBuildFile; fileRef = EB659BA41726C7FC002F34D2 /* AssetsLibrary.framework */; };
		EB659BA91726D5CA002F34D2 /* GLESImageView.mm in Sources */ = {isa = PBXBuildFile; fileRef = EB659BA81726D5CA002F34D2 /* GLESImageView.mm */; };
		EB659BAC1726D5DF002F34D2 /* FPSCalculator.mm in Sources */ = {isa = PBXBuildFile; fileRef = EB659BAB1726D5DF002F34D2 /* FPSCalculator.mm */; };
		EB659BAF1726D5F9002F34D2 /* OpenGLES.framework in Frameworks */ = {isa = PBXBuildFile; fileRef = EB659BAD1726D5F0002F34D2 /* OpenGLES.framework */; };
		EB659BB41726D738002F34D2 /* VideoSource.mm in Sources */ = {isa = PBXBuildFile; fileRef = EB659BB31726D738002F34D2 /* VideoSource.mm */; };
		EB659BB71726DB23002F34D2 /* sun@2x.png in Resources */ = {isa = PBXBuildFile; fileRef = EB659BB61726DB23002F34D2 /* sun@2x.png */; };
		EB659BB91726DB25002F34D2 /* sun.png in Resources */ = {isa = PBXBuildFile; fileRef = EB659BB81726DB25002F34D2 /* sun.png */; };
		EB659BC71726DDA7002F34D2 /* IR_Detector.cpp in Sources */ = {isa = PBXBuildFile; fileRef = EB659BBB1726DD05002F34D2 /* IR_Detector.cpp */; };
		EBD86A721727B6DB00C0DBC3 /* IR_Detector.h in Headers */ = {isa = PBXBuildFile; fileRef = EB659BBC1726DD05002F34D2 /* IR_Detector.h */; settings = {ATTRIBUTES = (Public, ); }; };
		EBD86A731727B89100C0DBC3 /* opencv2.framework in Frameworks */ = {isa = PBXBuildFile; fileRef = EB2315121726C3ED004850AE /* opencv2.framework */; settings = {ATTRIBUTES = (Required, ); }; };
		EBD86A761727BD6800C0DBC3 /* IR_AVtoCVImageWrapper.cpp in Sources */ = {isa = PBXBuildFile; fileRef = EBD86A741727BD6800C0DBC3 /* IR_AVtoCVImageWrapper.cpp */; };
		EBD86A771727BD6800C0DBC3 /* IR_AVtoCVImageWrapper.h in Headers */ = {isa = PBXBuildFile; fileRef = EBD86A751727BD6800C0DBC3 /* IR_AVtoCVImageWrapper.h */; settings = {ATTRIBUTES = (Public, ); }; };
		EBD86A791727BDC600C0DBC3 /* IR_AVFrameRep.h in Headers */ = {isa = PBXBuildFile; fileRef = EBD86A781727BDC600C0DBC3 /* IR_AVFrameRep.h */; settings = {ATTRIBUTES = (Public, ); }; };
		EBD86A811727CE5200C0DBC3 /* libIR_lib.a in Frameworks */ = {isa = PBXBuildFile; fileRef = EB659BC11726DD8F002F34D2 /* libIR_lib.a */; settings = {ATTRIBUTES = (Required, ); }; };
		EBD86AA21727FDC300C0DBC3 /* IR_Config.h in Headers */ = {isa = PBXBuildFile; fileRef = EBD86AA11727FDC300C0DBC3 /* IR_Config.h */; };
		EBD86AA6172818D300C0DBC3 /* IR_CVHelper.cpp in Sources */ = {isa = PBXBuildFile; fileRef = EBD86AA4172818D200C0DBC3 /* IR_CVHelper.cpp */; };
		EBD86AA7172818D300C0DBC3 /* IR_CVHelper.h in Headers */ = {isa = PBXBuildFile; fileRef = EBD86AA5172818D200C0DBC3 /* IR_CVHelper.h */; };
		EBD86AAA172818FC00C0DBC3 /* cvneon.h in Headers */ = {isa = PBXBuildFile; fileRef = EBD86AA8172818FC00C0DBC3 /* cvneon.h */; };
		EBD86AAB172818FC00C0DBC3 /* cvneon.cpp in Sources */ = {isa = PBXBuildFile; fileRef = EBD86AA9172818FC00C0DBC3 /* cvneon.cpp */; };
		EBD86AB3172825F200C0DBC3 /* Foundation.framework in Frameworks */ = {isa = PBXBuildFile; fileRef = EB2314ED1726BF98004850AE /* Foundation.framework */; };
		EBD86AC31728267700C0DBC3 /* UIImage+OpenCV.mm in Sources */ = {isa = PBXBuildFile; fileRef = EBD86AC21728267700C0DBC3 /* UIImage+OpenCV.mm */; };
		EBD86AC61728275C00C0DBC3 /* UIImage+OpenCV.h in Headers */ = {isa = PBXBuildFile; fileRef = EBD86AC11728267700C0DBC3 /* UIImage+OpenCV.h */; settings = {ATTRIBUTES = (Public, ); }; };
		EBD86AC9172829B600C0DBC3 /* referer_2.jpg in Resources */ = {isa = PBXBuildFile; fileRef = EBD86AC8172829B600C0DBC3 /* referer_2.jpg */; };
		EBD86ACA17282E1B00C0DBC3 /* libUIImageToOpenCV.a in Frameworks */ = {isa = PBXBuildFile; fileRef = EBD86AB2172825F200C0DBC3 /* libUIImageToOpenCV.a */; };
/* End PBXBuildFile section */

/* Begin PBXContainerItemProxy section */
		EBD86ACB17282F2B00C0DBC3 /* PBXContainerItemProxy */ = {
			isa = PBXContainerItemProxy;
			containerPortal = EB2314E01726BF98004850AE /* Project object */;
			proxyType = 1;
			remoteGlobalIDString = EB659BC01726DD8F002F34D2;
			remoteInfo = IR_lib;
		};
/* End PBXContainerItemProxy section */

/* Begin PBXCopyFilesBuildPhase section */
		EBD86AB0172825F200C0DBC3 /* CopyFiles */ = {
			isa = PBXCopyFilesBuildPhase;
			buildActionMask = 2147483647;
			dstPath = "include/${PRODUCT_NAME}";
			dstSubfolderSpec = 16;
			files = (
			);
			runOnlyForDeploymentPostprocessing = 0;
		};
/* End PBXCopyFilesBuildPhase section */

/* Begin PBXFileReference section */
		EB2314E81726BF98004850AE /* EY_find.app */ = {isa = PBXFileReference; explicitFileType = wrapper.application; includeInIndex = 0; path = EY_find.app; sourceTree = BUILT_PRODUCTS_DIR; };
		EB2314EB1726BF98004850AE /* UIKit.framework */ = {isa = PBXFileReference; lastKnownFileType = wrapper.framework; name = UIKit.framework; path = System/Library/Frameworks/UIKit.framework; sourceTree = SDKROOT; };
		EB2314ED1726BF98004850AE /* Foundation.framework */ = {isa = PBXFileReference; lastKnownFileType = wrapper.framework; name = Foundation.framework; path = System/Library/Frameworks/Foundation.framework; sourceTree = SDKROOT; };
		EB2314EF1726BF98004850AE /* CoreGraphics.framework */ = {isa = PBXFileReference; lastKnownFileType = wrapper.framework; name = CoreGraphics.framework; path = System/Library/Frameworks/CoreGraphics.framework; sourceTree = SDKROOT; };
		EB2314F31726BF98004850AE /* EY_find-Info.plist */ = {isa = PBXFileReference; lastKnownFileType = text.plist.xml; path = "EY_find-Info.plist"; sourceTree = "<group>"; };
		EB2314F51726BF98004850AE /* en */ = {isa = PBXFileReference; lastKnownFileType = text.plist.strings; name = en; path = en.lproj/InfoPlist.strings; sourceTree = "<group>"; };
		EB2314F71726BF98004850AE /* main.m */ = {isa = PBXFileReference; lastKnownFileType = sourcecode.c.objc; path = main.m; sourceTree = "<group>"; };
		EB2314F91726BF98004850AE /* EY_find-Prefix.pch */ = {isa = PBXFileReference; lastKnownFileType = sourcecode.c.h; path = "EY_find-Prefix.pch"; sourceTree = "<group>"; };
		EB2314FA1726BF98004850AE /* AppDelegate.h */ = {isa = PBXFileReference; lastKnownFileType = sourcecode.c.h; path = AppDelegate.h; sourceTree = "<group>"; };
		EB2314FB1726BF98004850AE /* AppDelegate.mm */ = {isa = PBXFileReference; lastKnownFileType = sourcecode.cpp.objcpp; path = AppDelegate.mm; sourceTree = "<group>"; };
		EB2314FD1726BF98004850AE /* Default.png */ = {isa = PBXFileReference; lastKnownFileType = image.png; path = Default.png; sourceTree = "<group>"; };
		EB2314FF1726BF98004850AE /* Default@2x.png */ = {isa = PBXFileReference; lastKnownFileType = image.png; path = "Default@2x.png"; sourceTree = "<group>"; };
		EB2315011726BF98004850AE /* Default-568h@2x.png */ = {isa = PBXFileReference; lastKnownFileType = image.png; path = "Default-568h@2x.png"; sourceTree = "<group>"; };
		EB2315031726BF98004850AE /* ViewController.h */ = {isa = PBXFileReference; lastKnownFileType = sourcecode.c.h; path = ViewController.h; sourceTree = "<group>"; };
		EB2315041726BF98004850AE /* ViewController.mm */ = {isa = PBXFileReference; lastKnownFileType = sourcecode.cpp.objcpp; path = ViewController.mm; sourceTree = "<group>"; };
		EB2315121726C3ED004850AE /* opencv2.framework */ = {isa = PBXFileReference; lastKnownFileType = wrapper.framework; path = opencv2.framework; sourceTree = "<group>"; };
		EB659B951726C69B002F34D2 /* AVFoundation.framework */ = {isa = PBXFileReference; lastKnownFileType = wrapper.framework; name = AVFoundation.framework; path = System/Library/Frameworks/AVFoundation.framework; sourceTree = SDKROOT; };
		EB659B981726C736002F34D2 /* QuartzCore.framework */ = {isa = PBXFileReference; lastKnownFileType = wrapper.framework; name = QuartzCore.framework; path = System/Library/Frameworks/QuartzCore.framework; sourceTree = SDKROOT; };
		EB659B9E1726C79F002F34D2 /* CoreVideo.framework */ = {isa = PBXFileReference; lastKnownFileType = wrapper.framework; name = CoreVideo.framework; path = System/Library/Frameworks/CoreVideo.framework; sourceTree = SDKROOT; };
		EB659BA11726C7CC002F34D2 /* CoreMedia.framework */ = {isa = PBXFileReference; lastKnownFileType = wrapper.framework; name = CoreMedia.framework; path = System/Library/Frameworks/CoreMedia.framework; sourceTree = SDKROOT; };
		EB659BA41726C7FC002F34D2 /* AssetsLibrary.framework */ = {isa = PBXFileReference; lastKnownFileType = wrapper.framework; name = AssetsLibrary.framework; path = System/Library/Frameworks/AssetsLibrary.framework; sourceTree = SDKROOT; };
		EB659BA71726D5CA002F34D2 /* GLESImageView.h */ = {isa = PBXFileReference; fileEncoding = 4; lastKnownFileType = sourcecode.c.h; path = GLESImageView.h; sourceTree = "<group>"; };
		EB659BA81726D5CA002F34D2 /* GLESImageView.mm */ = {isa = PBXFileReference; fileEncoding = 4; lastKnownFileType = sourcecode.cpp.objcpp; path = GLESImageView.mm; sourceTree = "<group>"; };
		EB659BAA1726D5DF002F34D2 /* FPSCalculator.h */ = {isa = PBXFileReference; fileEncoding = 4; lastKnownFileType = sourcecode.c.h; path = FPSCalculator.h; sourceTree = "<group>"; };
		EB659BAB1726D5DF002F34D2 /* FPSCalculator.mm */ = {isa = PBXFileReference; fileEncoding = 4; lastKnownFileType = sourcecode.cpp.objcpp; path = FPSCalculator.mm; sourceTree = "<group>"; };
		EB659BAD1726D5F0002F34D2 /* OpenGLES.framework */ = {isa = PBXFileReference; lastKnownFileType = wrapper.framework; name = OpenGLES.framework; path = System/Library/Frameworks/OpenGLES.framework; sourceTree = SDKROOT; };
		EB659BB21726D738002F34D2 /* VideoSource.h */ = {isa = PBXFileReference; fileEncoding = 4; lastKnownFileType = sourcecode.c.h; path = VideoSource.h; sourceTree = "<group>"; };
		EB659BB31726D738002F34D2 /* VideoSource.mm */ = {isa = PBXFileReference; fileEncoding = 4; lastKnownFileType = sourcecode.cpp.objcpp; path = VideoSource.mm; sourceTree = "<group>"; };
		EB659BB61726DB23002F34D2 /* sun@2x.png */ = {isa = PBXFileReference; lastKnownFileType = image.png; name = "sun@2x.png"; path = "../sun@2x.png"; sourceTree = "<group>"; };
		EB659BB81726DB25002F34D2 /* sun.png */ = {isa = PBXFileReference; lastKnownFileType = image.png; name = sun.png; path = ../sun.png; sourceTree = "<group>"; };
		EB659BBB1726DD05002F34D2 /* IR_Detector.cpp */ = {isa = PBXFileReference; lastKnownFileType = sourcecode.cpp.cpp; name = IR_Detector.cpp; path = ImageRecognizer/IR_Detector.cpp; sourceTree = "<group>"; };
		EB659BBC1726DD05002F34D2 /* IR_Detector.h */ = {isa = PBXFileReference; lastKnownFileType = sourcecode.c.h; name = IR_Detector.h; path = ImageRecognizer/IR_Detector.h; sourceTree = "<group>"; };
		EB659BC11726DD8F002F34D2 /* libIR_lib.a */ = {isa = PBXFileReference; explicitFileType = archive.ar; includeInIndex = 0; path = libIR_lib.a; sourceTree = BUILT_PRODUCTS_DIR; };
		EBD86A741727BD6800C0DBC3 /* IR_AVtoCVImageWrapper.cpp */ = {isa = PBXFileReference; fileEncoding = 4; lastKnownFileType = sourcecode.cpp.cpp; name = IR_AVtoCVImageWrapper.cpp; path = ImageRecognizer/IR_AVtoCVImageWrapper.cpp; sourceTree = "<group>"; };
		EBD86A751727BD6800C0DBC3 /* IR_AVtoCVImageWrapper.h */ = {isa = PBXFileReference; fileEncoding = 4; lastKnownFileType = sourcecode.c.h; name = IR_AVtoCVImageWrapper.h; path = ImageRecognizer/IR_AVtoCVImageWrapper.h; sourceTree = "<group>"; };
		EBD86A781727BDC600C0DBC3 /* IR_AVFrameRep.h */ = {isa = PBXFileReference; fileEncoding = 4; lastKnownFileType = sourcecode.c.h; path = IR_AVFrameRep.h; sourceTree = "<group>"; };
		EBD86A7A1727BEF700C0DBC3 /* IR_Lib.pch */ = {isa = PBXFileReference; lastKnownFileType = sourcecode.c.h; name = IR_Lib.pch; path = ImageRecognizer/IR_Lib.pch; sourceTree = "<group>"; };
		EBD86AA11727FDC300C0DBC3 /* IR_Config.h */ = {isa = PBXFileReference; fileEncoding = 4; lastKnownFileType = sourcecode.c.h; name = IR_Config.h; path = ImageRecognizer/IR_Config.h; sourceTree = "<group>"; };
		EBD86AA4172818D200C0DBC3 /* IR_CVHelper.cpp */ = {isa = PBXFileReference; fileEncoding = 4; lastKnownFileType = sourcecode.cpp.cpp; path = IR_CVHelper.cpp; sourceTree = "<group>"; };
		EBD86AA5172818D200C0DBC3 /* IR_CVHelper.h */ = {isa = PBXFileReference; fileEncoding = 4; lastKnownFileType = sourcecode.c.h; path = IR_CVHelper.h; sourceTree = "<group>"; };
		EBD86AA8172818FC00C0DBC3 /* cvneon.h */ = {isa = PBXFileReference; fileEncoding = 4; lastKnownFileType = sourcecode.c.h; path = cvneon.h; sourceTree = "<group>"; };
		EBD86AA9172818FC00C0DBC3 /* cvneon.cpp */ = {isa = PBXFileReference; fileEncoding = 4; lastKnownFileType = sourcecode.cpp.cpp; path = cvneon.cpp; sourceTree = "<group>"; };
		EBD86AB2172825F200C0DBC3 /* libUIImageToOpenCV.a */ = {isa = PBXFileReference; explicitFileType = archive.ar; includeInIndex = 0; path = libUIImageToOpenCV.a; sourceTree = BUILT_PRODUCTS_DIR; };
		EBD86AB6172825F200C0DBC3 /* UIImageToOpenCV-Prefix.pch */ = {isa = PBXFileReference; lastKnownFileType = sourcecode.c.h; path = "UIImageToOpenCV-Prefix.pch"; sourceTree = "<group>"; };
		EBD86AC11728267700C0DBC3 /* UIImage+OpenCV.h */ = {isa = PBXFileReference; fileEncoding = 4; lastKnownFileType = sourcecode.c.h; path = "UIImage+OpenCV.h"; sourceTree = "<group>"; };
		EBD86AC21728267700C0DBC3 /* UIImage+OpenCV.mm */ = {isa = PBXFileReference; fileEncoding = 4; lastKnownFileType = sourcecode.cpp.objcpp; path = "UIImage+OpenCV.mm"; sourceTree = "<group>"; };
		EBD86AC8172829B600C0DBC3 /* referer_2.jpg */ = {isa = PBXFileReference; lastKnownFileType = image.jpeg; path = referer_2.jpg; sourceTree = "<group>"; };
/* End PBXFileReference section */

/* Begin PBXFrameworksBuildPhase section */
		EB2314E51726BF98004850AE /* Frameworks */ = {
			isa = PBXFrameworksBuildPhase;
			buildActionMask = 2147483647;
			files = (
				EB659BAF1726D5F9002F34D2 /* OpenGLES.framework in Frameworks */,
				EB659BA31726C7D7002F34D2 /* CoreMedia.framework in Frameworks */,
				EB659BA61726C803002F34D2 /* AssetsLibrary.framework in Frameworks */,
				EB659BA01726C7A4002F34D2 /* CoreVideo.framework in Frameworks */,
				EB659B9A1726C73D002F34D2 /* QuartzCore.framework in Frameworks */,
				EB2314F01726BF98004850AE /* CoreGraphics.framework in Frameworks */,
				EB659B971726C6A2002F34D2 /* AVFoundation.framework in Frameworks */,
				EB2314EC1726BF98004850AE /* UIKit.framework in Frameworks */,
				EB2314EE1726BF98004850AE /* Foundation.framework in Frameworks */,
				EBD86ACA17282E1B00C0DBC3 /* libUIImageToOpenCV.a in Frameworks */,
				EBD86A811727CE5200C0DBC3 /* libIR_lib.a in Frameworks */,
			);
			runOnlyForDeploymentPostprocessing = 0;
		};
		EB659BBE1726DD8F002F34D2 /* Frameworks */ = {
			isa = PBXFrameworksBuildPhase;
			buildActionMask = 2147483647;
			files = (
				EBD86A731727B89100C0DBC3 /* opencv2.framework in Frameworks */,
			);
			runOnlyForDeploymentPostprocessing = 0;
		};
		EBD86AAF172825F200C0DBC3 /* Frameworks */ = {
			isa = PBXFrameworksBuildPhase;
			buildActionMask = 2147483647;
			files = (
				EBD86AB3172825F200C0DBC3 /* Foundation.framework in Frameworks */,
			);
			runOnlyForDeploymentPostprocessing = 0;
		};
/* End PBXFrameworksBuildPhase section */

/* Begin PBXGroup section */
		EB2314DF1726BF98004850AE = {
			isa = PBXGroup;
			children = (
				EB659BBA1726DC9B002F34D2 /* IR_lib */,
				EBD86AB4172825F200C0DBC3 /* UIImageToOpenCV */,
				EB23150E1726C2A2004850AE /* OpenGL_support */,
				EB2314F11726BF98004850AE /* EY_find */,
				EB2314EA1726BF98004850AE /* Frameworks */,
				EB2314E91726BF98004850AE /* Products */,
			);
			sourceTree = "<group>";
		};
		EB2314E91726BF98004850AE /* Products */ = {
			isa = PBXGroup;
			children = (
				EB2314E81726BF98004850AE /* EY_find.app */,
				EB659BC11726DD8F002F34D2 /* libIR_lib.a */,
				EBD86AB2172825F200C0DBC3 /* libUIImageToOpenCV.a */,
			);
			name = Products;
			sourceTree = "<group>";
		};
		EB2314EA1726BF98004850AE /* Frameworks */ = {
			isa = PBXGroup;
			children = (
				EB659BAD1726D5F0002F34D2 /* OpenGLES.framework */,
				EB659BA41726C7FC002F34D2 /* AssetsLibrary.framework */,
				EB659BA11726C7CC002F34D2 /* CoreMedia.framework */,
				EB659B9E1726C79F002F34D2 /* CoreVideo.framework */,
				EB659B981726C736002F34D2 /* QuartzCore.framework */,
				EB659B951726C69B002F34D2 /* AVFoundation.framework */,
				EB2314EB1726BF98004850AE /* UIKit.framework */,
				EB2314ED1726BF98004850AE /* Foundation.framework */,
				EB2314EF1726BF98004850AE /* CoreGraphics.framework */,
			);
			name = Frameworks;
			sourceTree = "<group>";
		};
		EB2314F11726BF98004850AE /* EY_find */ = {
			isa = PBXGroup;
			children = (
				EB659BB11726D717002F34D2 /* controllers */,
				EB659BB01726D709002F34D2 /* models */,
				EB2314F21726BF98004850AE /* Supporting Files */,
			);
			path = EY_find;
			sourceTree = "<group>";
		};
		EB2314F21726BF98004850AE /* Supporting Files */ = {
			isa = PBXGroup;
			children = (
				EB659BB81726DB25002F34D2 /* sun.png */,
				EB659BB61726DB23002F34D2 /* sun@2x.png */,
				EBD86AC8172829B600C0DBC3 /* referer_2.jpg */,
				EB2314F31726BF98004850AE /* EY_find-Info.plist */,
				EB2314F41726BF98004850AE /* InfoPlist.strings */,
				EB2314F71726BF98004850AE /* main.m */,
				EB2314F91726BF98004850AE /* EY_find-Prefix.pch */,
				EB2314FD1726BF98004850AE /* Default.png */,
				EB2314FF1726BF98004850AE /* Default@2x.png */,
				EB2315011726BF98004850AE /* Default-568h@2x.png */,
			);
			name = "Supporting Files";
			sourceTree = "<group>";
		};
		EB23150E1726C2A2004850AE /* OpenGL_support */ = {
			isa = PBXGroup;
			children = (
				EB659BAA1726D5DF002F34D2 /* FPSCalculator.h */,
				EB659BAB1726D5DF002F34D2 /* FPSCalculator.mm */,
				EB659BA71726D5CA002F34D2 /* GLESImageView.h */,
				EB659BA81726D5CA002F34D2 /* GLESImageView.mm */,
			);
			name = OpenGL_support;
			sourceTree = "<group>";
		};
		EB659BB01726D709002F34D2 /* models */ = {
			isa = PBXGroup;
			children = (
				EB659BB51726D7A7002F34D2 /* VideoSource */,
			);
			name = models;
			path = ..;
			sourceTree = "<group>";
		};
		EB659BB11726D717002F34D2 /* controllers */ = {
			isa = PBXGroup;
			children = (
				EB2314FA1726BF98004850AE /* AppDelegate.h */,
				EB2314FB1726BF98004850AE /* AppDelegate.mm */,
				EB2315031726BF98004850AE /* ViewController.h */,
				EB2315041726BF98004850AE /* ViewController.mm */,
			);
			name = controllers;
			sourceTree = "<group>";
		};
		EB659BB51726D7A7002F34D2 /* VideoSource */ = {
			isa = PBXGroup;
			children = (
				EB659BB21726D738002F34D2 /* VideoSource.h */,
				EB659BB31726D738002F34D2 /* VideoSource.mm */,
			);
			name = VideoSource;
			sourceTree = "<group>";
		};
		EB659BBA1726DC9B002F34D2 /* IR_lib */ = {
			isa = PBXGroup;
			children = (
				EB659BBC1726DD05002F34D2 /* IR_Detector.h */,
				EB659BBB1726DD05002F34D2 /* IR_Detector.cpp */,
				EBD86A751727BD6800C0DBC3 /* IR_AVtoCVImageWrapper.h */,
				EBD86A741727BD6800C0DBC3 /* IR_AVtoCVImageWrapper.cpp */,
				EBD86A781727BDC600C0DBC3 /* IR_AVFrameRep.h */,
				EBD86AA5172818D200C0DBC3 /* IR_CVHelper.h */,
				EBD86AA4172818D200C0DBC3 /* IR_CVHelper.cpp */,
				EBD86A7A1727BEF700C0DBC3 /* IR_Lib.pch */,
				EBD86AA11727FDC300C0DBC3 /* IR_Config.h */,
				EBD86AAD1728191100C0DBC3 /* framework */,
				EBD86AAC1728190600C0DBC3 /* neon */,
			);
			name = IR_lib;
			sourceTree = "<group>";
		};
		EBD86AAC1728190600C0DBC3 /* neon */ = {
			isa = PBXGroup;
			children = (
				EBD86AA8172818FC00C0DBC3 /* cvneon.h */,
				EBD86AA9172818FC00C0DBC3 /* cvneon.cpp */,
			);
			name = neon;
			sourceTree = "<group>";
		};
		EBD86AAD1728191100C0DBC3 /* framework */ = {
			isa = PBXGroup;
			children = (
				EB2315121726C3ED004850AE /* opencv2.framework */,
			);
			name = framework;
			sourceTree = "<group>";
		};
		EBD86AB4172825F200C0DBC3 /* UIImageToOpenCV */ = {
			isa = PBXGroup;
			children = (
				EBD86AC11728267700C0DBC3 /* UIImage+OpenCV.h */,
				EBD86AC21728267700C0DBC3 /* UIImage+OpenCV.mm */,
				EBD86AB5172825F200C0DBC3 /* Supporting Files */,
			);
			path = UIImageToOpenCV;
			sourceTree = "<group>";
		};
		EBD86AB5172825F200C0DBC3 /* Supporting Files */ = {
			isa = PBXGroup;
			children = (
				EBD86AB6172825F200C0DBC3 /* UIImageToOpenCV-Prefix.pch */,
			);
			name = "Supporting Files";
			sourceTree = "<group>";
		};
/* End PBXGroup section */

/* Begin PBXHeadersBuildPhase section */
		EB659BBF1726DD8F002F34D2 /* Headers */ = {
			isa = PBXHeadersBuildPhase;
			buildActionMask = 2147483647;
			files = (
				EBD86A791727BDC600C0DBC3 /* IR_AVFrameRep.h in Headers */,
				EBD86A721727B6DB00C0DBC3 /* IR_Detector.h in Headers */,
				EBD86A771727BD6800C0DBC3 /* IR_AVtoCVImageWrapper.h in Headers */,
				EBD86AA21727FDC300C0DBC3 /* IR_Config.h in Headers */,
				EBD86AA7172818D300C0DBC3 /* IR_CVHelper.h in Headers */,
				EBD86AAA172818FC00C0DBC3 /* cvneon.h in Headers */,
			);
			runOnlyForDeploymentPostprocessing = 0;
		};
		EBD86AC51728275800C0DBC3 /* Headers */ = {
			isa = PBXHeadersBuildPhase;
			buildActionMask = 2147483647;
			files = (
				EBD86AC61728275C00C0DBC3 /* UIImage+OpenCV.h in Headers */,
			);
			runOnlyForDeploymentPostprocessing = 0;
		};
/* End PBXHeadersBuildPhase section */

/* Begin PBXNativeTarget section */
		EB2314E71726BF98004850AE /* EY_find */ = {
			isa = PBXNativeTarget;
			buildConfigurationList = EB23150B1726BF98004850AE /* Build configuration list for PBXNativeTarget "EY_find" */;
			buildPhases = (
				EB2314E41726BF98004850AE /* Sources */,
				EB2314E51726BF98004850AE /* Frameworks */,
				EB2314E61726BF98004850AE /* Resources */,
			);
			buildRules = (
			);
			dependencies = (
				EBD86ACC17282F2B00C0DBC3 /* PBXTargetDependency */,
			);
			name = EY_find;
			productName = EY_find;
			productReference = EB2314E81726BF98004850AE /* EY_find.app */;
			productType = "com.apple.product-type.application";
		};
		EB659BC01726DD8F002F34D2 /* IR_lib */ = {
			isa = PBXNativeTarget;
			buildConfigurationList = EB659BC21726DD8F002F34D2 /* Build configuration list for PBXNativeTarget "IR_lib" */;
			buildPhases = (
				EB659BBD1726DD8F002F34D2 /* Sources */,
				EB659BBE1726DD8F002F34D2 /* Frameworks */,
				EB659BBF1726DD8F002F34D2 /* Headers */,
				EBD86A801727C62300C0DBC3 /* ShellScript */,
			);
			buildRules = (
			);
			dependencies = (
			);
			name = IR_lib;
			productName = IR_lib;
			productReference = EB659BC11726DD8F002F34D2 /* libIR_lib.a */;
			productType = "com.apple.product-type.library.static";
		};
		EBD86AB1172825F200C0DBC3 /* UIImageToOpenCV */ = {
			isa = PBXNativeTarget;
			buildConfigurationList = EBD86ABB172825F200C0DBC3 /* Build configuration list for PBXNativeTarget "UIImageToOpenCV" */;
			buildPhases = (
				EBD86AAE172825F200C0DBC3 /* Sources */,
				EBD86AAF172825F200C0DBC3 /* Frameworks */,
				EBD86AB0172825F200C0DBC3 /* CopyFiles */,
				EBD86AC51728275800C0DBC3 /* Headers */,
			);
			buildRules = (
			);
			dependencies = (
			);
			name = UIImageToOpenCV;
			productName = UIImageToOpenCV;
			productReference = EBD86AB2172825F200C0DBC3 /* libUIImageToOpenCV.a */;
			productType = "com.apple.product-type.library.static";
		};
/* End PBXNativeTarget section */

/* Begin PBXProject section */
		EB2314E01726BF98004850AE /* Project object */ = {
			isa = PBXProject;
			attributes = {
				LastUpgradeCheck = 0460;
				ORGANIZATIONNAME = "Abadie, Loïc";
			};
			buildConfigurationList = EB2314E31726BF98004850AE /* Build configuration list for PBXProject "EY_find" */;
			compatibilityVersion = "Xcode 3.2";
			developmentRegion = English;
			hasScannedForEncodings = 0;
			knownRegions = (
				en,
			);
			mainGroup = EB2314DF1726BF98004850AE;
			productRefGroup = EB2314E91726BF98004850AE /* Products */;
			projectDirPath = "";
			projectRoot = "";
			targets = (
				EB659BC01726DD8F002F34D2 /* IR_lib */,
				EBD86AB1172825F200C0DBC3 /* UIImageToOpenCV */,
				EB2314E71726BF98004850AE /* EY_find */,
			);
		};
/* End PBXProject section */

/* Begin PBXResourcesBuildPhase section */
		EB2314E61726BF98004850AE /* Resources */ = {
			isa = PBXResourcesBuildPhase;
			buildActionMask = 2147483647;
			files = (
				EB2314F61726BF98004850AE /* InfoPlist.strings in Resources */,
				EB2314FE1726BF98004850AE /* Default.png in Resources */,
				EB2315001726BF98004850AE /* Default@2x.png in Resources */,
				EB2315021726BF98004850AE /* Default-568h@2x.png in Resources */,
				EB659BB71726DB23002F34D2 /* sun@2x.png in Resources */,
				EB659BB91726DB25002F34D2 /* sun.png in Resources */,
				EBD86AC9172829B600C0DBC3 /* referer_2.jpg in Resources */,
			);
			runOnlyForDeploymentPostprocessing = 0;
		};
/* End PBXResourcesBuildPhase section */

/* Begin PBXShellScriptBuildPhase section */
		EBD86A801727C62300C0DBC3 /* ShellScript */ = {
			isa = PBXShellScriptBuildPhase;
			buildActionMask = 2147483647;
			files = (
			);
			inputPaths = (
			);
			outputPaths = (
			);
			runOnlyForDeploymentPostprocessing = 0;
			shellPath = /bin/sh;
			shellScript = "# fusionne la librairie openCV + IR_lib, parce qu'apparemement c'est trop dur pour\n# XCode\n\nIRLIBPATH=${BUILT_PRODUCTS_DIR}\"/libIR_lib.a\"\nOPENCVPATH=${SRCROOT}\"/opencv2.framework/opencv2\"\n\n# Note: on réécrase la fusion sur libIR_lib.a\nlibtool -static -o $IRLIBPATH $IRLIBPATH $OPENCVPATH";
		};
/* End PBXShellScriptBuildPhase section */

/* Begin PBXSourcesBuildPhase section */
		EB2314E41726BF98004850AE /* Sources */ = {
			isa = PBXSourcesBuildPhase;
			buildActionMask = 2147483647;
			files = (
				EB2314F81726BF98004850AE /* main.m in Sources */,
				EB2314FC1726BF98004850AE /* AppDelegate.mm in Sources */,
				EB2315051726BF98004850AE /* ViewController.mm in Sources */,
				EB659BA91726D5CA002F34D2 /* GLESImageView.mm in Sources */,
				EB659BAC1726D5DF002F34D2 /* FPSCalculator.mm in Sources */,
				EB659BB41726D738002F34D2 /* VideoSource.mm in Sources */,
			);
			runOnlyForDeploymentPostprocessing = 0;
		};
		EB659BBD1726DD8F002F34D2 /* Sources */ = {
			isa = PBXSourcesBuildPhase;
			buildActionMask = 2147483647;
			files = (
				EB659BC71726DDA7002F34D2 /* IR_Detector.cpp in Sources */,
				EBD86A761727BD6800C0DBC3 /* IR_AVtoCVImageWrapper.cpp in Sources */,
				EBD86AA6172818D300C0DBC3 /* IR_CVHelper.cpp in Sources */,
				EBD86AAB172818FC00C0DBC3 /* cvneon.cpp in Sources */,
			);
			runOnlyForDeploymentPostprocessing = 0;
		};
		EBD86AAE172825F200C0DBC3 /* Sources */ = {
			isa = PBXSourcesBuildPhase;
			buildActionMask = 2147483647;
			files = (
				EBD86AC31728267700C0DBC3 /* UIImage+OpenCV.mm in Sources */,
			);
			runOnlyForDeploymentPostprocessing = 0;
		};
/* End PBXSourcesBuildPhase section */

/* Begin PBXTargetDependency section */
		EBD86ACC17282F2B00C0DBC3 /* PBXTargetDependency */ = {
			isa = PBXTargetDependency;
			target = EB659BC01726DD8F002F34D2 /* IR_lib */;
			targetProxy = EBD86ACB17282F2B00C0DBC3 /* PBXContainerItemProxy */;
		};
/* End PBXTargetDependency section */

/* Begin PBXVariantGroup section */
		EB2314F41726BF98004850AE /* InfoPlist.strings */ = {
			isa = PBXVariantGroup;
			children = (
				EB2314F51726BF98004850AE /* en */,
			);
			name = InfoPlist.strings;
			sourceTree = "<group>";
		};
/* End PBXVariantGroup section */

/* Begin XCBuildConfiguration section */
		EB2315091726BF98004850AE /* Debug */ = {
			isa = XCBuildConfiguration;
			buildSettings = {
				ALWAYS_SEARCH_USER_PATHS = NO;
				CLANG_CXX_LANGUAGE_STANDARD = "gnu++0x";
				CLANG_CXX_LIBRARY = "libc++";
				CLANG_WARN_CONSTANT_CONVERSION = YES;
				CLANG_WARN_EMPTY_BODY = YES;
				CLANG_WARN_ENUM_CONVERSION = YES;
				CLANG_WARN_INT_CONVERSION = YES;
				CLANG_WARN__DUPLICATE_METHOD_MATCH = YES;
				"CODE_SIGN_IDENTITY[sdk=iphoneos*]" = "iPhone Developer";
				COPY_PHASE_STRIP = NO;
				GCC_C_LANGUAGE_STANDARD = gnu99;
				GCC_DYNAMIC_NO_PIC = NO;
				GCC_OPTIMIZATION_LEVEL = 0;
				GCC_PREPROCESSOR_DEFINITIONS = (
					"DEBUG=1",
					"$(inherited)",
				);
				GCC_SYMBOLS_PRIVATE_EXTERN = NO;
				GCC_WARN_ABOUT_RETURN_TYPE = YES;
				GCC_WARN_UNINITIALIZED_AUTOS = YES;
				GCC_WARN_UNUSED_VARIABLE = YES;
				IPHONEOS_DEPLOYMENT_TARGET = 6.1;
				ONLY_ACTIVE_ARCH = YES;
				SDKROOT = iphoneos;
			};
			name = Debug;
		};
		EB23150A1726BF98004850AE /* Release */ = {
			isa = XCBuildConfiguration;
			buildSettings = {
				ALWAYS_SEARCH_USER_PATHS = NO;
				CLANG_CXX_LANGUAGE_STANDARD = "gnu++0x";
				CLANG_CXX_LIBRARY = "libc++";
				CLANG_WARN_CONSTANT_CONVERSION = YES;
				CLANG_WARN_EMPTY_BODY = YES;
				CLANG_WARN_ENUM_CONVERSION = YES;
				CLANG_WARN_INT_CONVERSION = YES;
				CLANG_WARN__DUPLICATE_METHOD_MATCH = YES;
				"CODE_SIGN_IDENTITY[sdk=iphoneos*]" = "iPhone Developer";
				COPY_PHASE_STRIP = YES;
				GCC_C_LANGUAGE_STANDARD = gnu99;
				GCC_WARN_ABOUT_RETURN_TYPE = YES;
				GCC_WARN_UNINITIALIZED_AUTOS = YES;
				GCC_WARN_UNUSED_VARIABLE = YES;
				IPHONEOS_DEPLOYMENT_TARGET = 6.1;
				OTHER_CFLAGS = "-DNS_BLOCK_ASSERTIONS=1";
				SDKROOT = iphoneos;
				VALIDATE_PRODUCT = YES;
			};
			name = Release;
		};
		EB23150C1726BF98004850AE /* Debug */ = {
			isa = XCBuildConfiguration;
			buildSettings = {
				FRAMEWORK_SEARCH_PATHS = (
					"$(inherited)",
					"\"$(SRCROOT)\"",
				);
				GCC_PRECOMPILE_PREFIX_HEADER = YES;
				GCC_PREFIX_HEADER = "EY_find/EY_find-Prefix.pch";
				INFOPLIST_FILE = "EY_find/EY_find-Info.plist";
				IPHONEOS_DEPLOYMENT_TARGET = 5.0;
				LIBRARY_SEARCH_PATHS = (
					"$(inherited)",
					"\"$(SRCROOT)/../../../Desktop\"",
				);
				OTHER_LDFLAGS = "-ObjC";
				PRODUCT_NAME = "$(TARGET_NAME)";
				VALID_ARCHS = armv7;
				WRAPPER_EXTENSION = app;
			};
			name = Debug;
		};
		EB23150D1726BF98004850AE /* Release */ = {
			isa = XCBuildConfiguration;
			buildSettings = {
				FRAMEWORK_SEARCH_PATHS = (
					"$(inherited)",
					"\"$(SRCROOT)\"",
				);
				GCC_PRECOMPILE_PREFIX_HEADER = YES;
				GCC_PREFIX_HEADER = "EY_find/EY_find-Prefix.pch";
				INFOPLIST_FILE = "EY_find/EY_find-Info.plist";
				IPHONEOS_DEPLOYMENT_TARGET = 5.0;
				LIBRARY_SEARCH_PATHS = (
					"$(inherited)",
					"\"$(SRCROOT)/../../../Desktop\"",
				);
				OTHER_LDFLAGS = "-ObjC";
				PRODUCT_NAME = "$(TARGET_NAME)";
				VALID_ARCHS = armv7;
				WRAPPER_EXTENSION = app;
			};
			name = Release;
		};
		EB659BC31726DD8F002F34D2 /* Debug */ = {
			isa = XCBuildConfiguration;
			buildSettings = {
				ARCHS = armv7;
				EXECUTABLE_PREFIX = lib;
				FRAMEWORK_SEARCH_PATHS = (
					"$(inherited)",
					"\"$(SRCROOT)\"",
				);
				GCC_ENABLE_OBJC_EXCEPTIONS = YES;
				GCC_PREFIX_HEADER = ImageRecognizer/IR_Lib.pch;
				GCC_WARN_64_TO_32_BIT_CONVERSION = YES;
				MACOSX_DEPLOYMENT_TARGET = 10.7;
				PRODUCT_NAME = "$(TARGET_NAME)";
				SDKROOT = iphoneos;
				VALID_ARCHS = armv7;
			};
			name = Debug;
		};
		EB659BC41726DD8F002F34D2 /* Release */ = {
			isa = XCBuildConfiguration;
			buildSettings = {
				ARCHS = armv7;
				DEBUG_INFORMATION_FORMAT = "dwarf-with-dsym";
				EXECUTABLE_PREFIX = lib;
				FRAMEWORK_SEARCH_PATHS = (
					"$(inherited)",
					"\"$(SRCROOT)\"",
				);
				GCC_ENABLE_OBJC_EXCEPTIONS = YES;
				GCC_PREFIX_HEADER = ImageRecognizer/IR_Lib.pch;
				GCC_WARN_64_TO_32_BIT_CONVERSION = YES;
				MACOSX_DEPLOYMENT_TARGET = 10.7;
				PRODUCT_NAME = "$(TARGET_NAME)";
				SDKROOT = iphoneos;
				VALID_ARCHS = armv7;
			};
			name = Release;
		};
		EBD86ABC172825F200C0DBC3 /* Debug */ = {
			isa = XCBuildConfiguration;
			buildSettings = {
				DSTROOT = /tmp/UIImageToOpenCV.dst;
				FRAMEWORK_SEARCH_PATHS = (
					"$(inherited)",
					"\"$(SRCROOT)\"",
				);
				GCC_PRECOMPILE_PREFIX_HEADER = YES;
				GCC_PREFIX_HEADER = "UIImageToOpenCV/UIImageToOpenCV-Prefix.pch";
				OTHER_LDFLAGS = "-ObjC";
				PRODUCT_NAME = "$(TARGET_NAME)";
				SKIP_INSTALL = YES;
			};
			name = Debug;
		};
		EBD86ABD172825F200C0DBC3 /* Release */ = {
			isa = XCBuildConfiguration;
			buildSettings = {
				DSTROOT = /tmp/UIImageToOpenCV.dst;
				FRAMEWORK_SEARCH_PATHS = (
					"$(inherited)",
					"\"$(SRCROOT)\"",
				);
				GCC_PRECOMPILE_PREFIX_HEADER = YES;
				GCC_PREFIX_HEADER = "UIImageToOpenCV/UIImageToOpenCV-Prefix.pch";
				OTHER_LDFLAGS = "-ObjC";
				PRODUCT_NAME = "$(TARGET_NAME)";
				SKIP_INSTALL = YES;
			};
			name = Release;
		};
/* End XCBuildConfiguration section */

/* Begin XCConfigurationList section */
		EB2314E31726BF98004850AE /* Build configuration list for PBXProject "EY_find" */ = {
			isa = XCConfigurationList;
			buildConfigurations = (
				EB2315091726BF98004850AE /* Debug */,
				EB23150A1726BF98004850AE /* Release */,
			);
			defaultConfigurationIsVisible = 0;
			defaultConfigurationName = Release;
		};
		EB23150B1726BF98004850AE /* Build configuration list for PBXNativeTarget "EY_find" */ = {
			isa = XCConfigurationList;
			buildConfigurations = (
				EB23150C1726BF98004850AE /* Debug */,
				EB23150D1726BF98004850AE /* Release */,
			);
			defaultConfigurationIsVisible = 0;
			defaultConfigurationName = Release;
		};
		EB659BC21726DD8F002F34D2 /* Build configuration list for PBXNativeTarget "IR_lib" */ = {
			isa = XCConfigurationList;
			buildConfigurations = (
				EB659BC31726DD8F002F34D2 /* Debug */,
				EB659BC41726DD8F002F34D2 /* Release */,
			);
			defaultConfigurationIsVisible = 0;
			defaultConfigurationName = Release;
		};
		EBD86ABB172825F200C0DBC3 /* Build configuration list for PBXNativeTarget "UIImageToOpenCV" */ = {
			isa = XCConfigurationList;
			buildConfigurations = (
				EBD86ABC172825F200C0DBC3 /* Debug */,
				EBD86ABD172825F200C0DBC3 /* Release */,
			);
			defaultConfigurationIsVisible = 0;
		};
/* End XCConfigurationList section */
	};
	rootObject = EB2314E01726BF98004850AE /* Project object */;
}
